
Microsoft Visual Studio Solution File, Format Version 12.00
# Visual Studio Version 17
VisualStudioVersion = 17.6.33927.249
MinimumVisualStudioVersion = 10.0.40219.1
Project("{FAE04EC0-301F-11D3-BF4B-00C04F79EFBC}") = "CardGame.Server", "Server\CardGame.Server.csproj", "{8167511F-6840-4ED3-B740-3A32646280E8}"
EndProject
Project("{FAE04EC0-301F-11D3-BF4B-00C04F79EFBC}") = "CardGame.Client", "Client\CardGame.Client.csproj", "{B731FE3D-48E8-409F-A814-B792E4A75D84}"
EndProject
Project("{FAE04EC0-301F-11D3-BF4B-00C04F79EFBC}") = "CardGame.Shared", "Shared\CardGame.Shared.csproj", "{AE1CCC7B-10B5-4ABD-9303-FDAABC98C881}"
EndProject
Project("{FAE04EC0-301F-11D3-BF4B-00C04F79EFBC}") = "CardGame.Domain", "..\CardGame.Domain\CardGame.Domain.csproj", "{DBA8053F-0058-49C5-8D00-B31152499D41}"
EndProject
Project("{FAE04EC0-301F-11D3-BF4B-00C04F79EFBC}") = "CardGame.Application", "..\CardGame.Application\CardGame.Application.csproj", "{DDB834C5-DD9B-4C8F-A277-525899F33590}"
EndProject
Project("{2150E333-8FDC-42A3-9474-1A3956D46DE8}") = "Tests", "Tests", "{34AF870B-537B-43D1-B641-10C230796EA2}"
EndProject
Project("{FAE04EC0-301F-11D3-BF4B-00C04F79EFBC}") = "CardGame.ApplicationTests", "..\CardGame.ApplicationTests\CardGame.ApplicationTests.csproj", "{C44A039C-8F5F-493F-82B8-49D92D556A07}"
EndProject
Global
	GlobalSection(SolutionConfigurationPlatforms) = preSolution
		Debug|Any CPU = Debug|Any CPU
		Release|Any CPU = Release|Any CPU
	EndGlobalSection
	GlobalSection(ProjectConfigurationPlatforms) = postSolution
		{8167511F-6840-4ED3-B740-3A32646280E8}.Debug|Any CPU.ActiveCfg = Debug|Any CPU
		{8167511F-6840-4ED3-B740-3A32646280E8}.Debug|Any CPU.Build.0 = Debug|Any CPU
		{8167511F-6840-4ED3-B740-3A32646280E8}.Release|Any CPU.ActiveCfg = Release|Any CPU
		{8167511F-6840-4ED3-B740-3A32646280E8}.Release|Any CPU.Build.0 = Release|Any CPU
		{B731FE3D-48E8-409F-A814-B792E4A75D84}.Debug|Any CPU.ActiveCfg = Debug|Any CPU
		{B731FE3D-48E8-409F-A814-B792E4A75D84}.Debug|Any CPU.Build.0 = Debug|Any CPU
		{B731FE3D-48E8-409F-A814-B792E4A75D84}.Release|Any CPU.ActiveCfg = Release|Any CPU
		{B731FE3D-48E8-409F-A814-B792E4A75D84}.Release|Any CPU.Build.0 = Release|Any CPU
		{AE1CCC7B-10B5-4ABD-9303-FDAABC98C881}.Debug|Any CPU.ActiveCfg = Debug|Any CPU
		{AE1CCC7B-10B5-4ABD-9303-FDAABC98C881}.Debug|Any CPU.Build.0 = Debug|Any CPU
		{AE1CCC7B-10B5-4ABD-9303-FDAABC98C881}.Release|Any CPU.ActiveCfg = Release|Any CPU
		{AE1CCC7B-10B5-4ABD-9303-FDAABC98C881}.Release|Any CPU.Build.0 = Release|Any CPU
		{DBA8053F-0058-49C5-8D00-B31152499D41}.Debug|Any CPU.ActiveCfg = Debug|Any CPU
		{DBA8053F-0058-49C5-8D00-B31152499D41}.Debug|Any CPU.Build.0 = Debug|Any CPU
		{DBA8053F-0058-49C5-8D00-B31152499D41}.Release|Any CPU.ActiveCfg = Release|Any CPU
		{DBA8053F-0058-49C5-8D00-B31152499D41}.Release|Any CPU.Build.0 = Release|Any CPU
		{DDB834C5-DD9B-4C8F-A277-525899F33590}.Debug|Any CPU.ActiveCfg = Debug|Any CPU
		{DDB834C5-DD9B-4C8F-A277-525899F33590}.Debug|Any CPU.Build.0 = Debug|Any CPU
		{DDB834C5-DD9B-4C8F-A277-525899F33590}.Release|Any CPU.ActiveCfg = Release|Any CPU
		{DDB834C5-DD9B-4C8F-A277-525899F33590}.Release|Any CPU.Build.0 = Release|Any CPU
		{C44A039C-8F5F-493F-82B8-49D92D556A07}.Debug|Any CPU.ActiveCfg = Debug|Any CPU
		{C44A039C-8F5F-493F-82B8-49D92D556A07}.Debug|Any CPU.Build.0 = Debug|Any CPU
		{C44A039C-8F5F-493F-82B8-49D92D556A07}.Release|Any CPU.ActiveCfg = Release|Any CPU
		{C44A039C-8F5F-493F-82B8-49D92D556A07}.Release|Any CPU.Build.0 = Release|Any CPU
	EndGlobalSection
	GlobalSection(SolutionProperties) = preSolution
		HideSolutionNode = FALSE
	EndGlobalSection
	GlobalSection(NestedProjects) = preSolution
		{C44A039C-8F5F-493F-82B8-49D92D556A07} = {34AF870B-537B-43D1-B641-10C230796EA2}
	EndGlobalSection
	GlobalSection(ExtensibilityGlobals) = postSolution
		SolutionGuid = {6BAFB7C1-A6C3-4E30-A700-7B8FE6DEDE95}
	EndGlobalSection
EndGlobal
